
Microsoft Visual Studio Solution File, Format Version 12.00
# Visual Studio Version 16
VisualStudioVersion = 16.0.30320.27
MinimumVisualStudioVersion = 10.0.40219.1
Project("{9A19103F-16F7-4668-BE54-9A1E7A4F7556}") = "EShopPrototype", "EShopPrototype\EShopPrototype.csproj", "{916DFFD1-BA43-4A07-9268-87798895BB38}"
EndProject
Project("{9A19103F-16F7-4668-BE54-9A1E7A4F7556}") = "FrontEndBlazor", "FrontEndBlazor\FrontEndBlazor.csproj", "{2202FE36-CBE5-46FF-BCAC-D4D34AE6BB1D}"
EndProject
Project("{9A19103F-16F7-4668-BE54-9A1E7A4F7556}") = "SharedItems", "SharedItems\SharedItems.csproj", "{555FF6B2-955E-4EE4-B774-E495EC2F9C70}"
EndProject
Global
	GlobalSection(SolutionConfigurationPlatforms) = preSolution
		Debug|Any CPU = Debug|Any CPU
		Release|Any CPU = Release|Any CPU
	EndGlobalSection
	GlobalSection(ProjectConfigurationPlatforms) = postSolution
		{916DFFD1-BA43-4A07-9268-87798895BB38}.Debug|Any CPU.ActiveCfg = Debug|Any CPU
		{916DFFD1-BA43-4A07-9268-87798895BB38}.Debug|Any CPU.Build.0 = Debug|Any CPU
		{916DFFD1-BA43-4A07-9268-87798895BB38}.Release|Any CPU.ActiveCfg = Release|Any CPU
		{916DFFD1-BA43-4A07-9268-87798895BB38}.Release|Any CPU.Build.0 = Release|Any CPU
		{2202FE36-CBE5-46FF-BCAC-D4D34AE6BB1D}.Debug|Any CPU.ActiveCfg = Debug|Any CPU
		{2202FE36-CBE5-46FF-BCAC-D4D34AE6BB1D}.Debug|Any CPU.Build.0 = Debug|Any CPU
		{2202FE36-CBE5-46FF-BCAC-D4D34AE6BB1D}.Release|Any CPU.ActiveCfg = Release|Any CPU
		{2202FE36-CBE5-46FF-BCAC-D4D34AE6BB1D}.Release|Any CPU.Build.0 = Release|Any CPU
		{555FF6B2-955E-4EE4-B774-E495EC2F9C70}.Debug|Any CPU.ActiveCfg = Debug|Any CPU
		{555FF6B2-955E-4EE4-B774-E495EC2F9C70}.Debug|Any CPU.Build.0 = Debug|Any CPU
		{555FF6B2-955E-4EE4-B774-E495EC2F9C70}.Release|Any CPU.ActiveCfg = Release|Any CPU
		{555FF6B2-955E-4EE4-B774-E495EC2F9C70}.Release|Any CPU.Build.0 = Release|Any CPU
	EndGlobalSection
	GlobalSection(SolutionProperties) = preSolution
		HideSolutionNode = FALSE
	EndGlobalSection
	GlobalSection(ExtensibilityGlobals) = postSolution
		SolutionGuid = {F46841A8-FFC0-4F17-BC70-84AFC6CED48E}
	EndGlobalSection
EndGlobal
